
Microsoft Visual Studio Solution File, Format Version 12.00
# Visual Studio Version 17
VisualStudioVersion = 17.14.36414.22 d17.14
MinimumVisualStudioVersion = 10.0.40219.1
Project("{FAE04EC0-301F-11D3-BF4B-00C04F79EFBC}") = "IT ELECTIVES", "IT ELECTIVES\IT ELECTIVES.csproj", "{EA0AB2EA-9309-4499-BB10-6A18A1767216}"
EndProject
Global
	GlobalSection(SolutionConfigurationPlatforms) = preSolution
		Debug|Any CPU = Debug|Any CPU
		Release|Any CPU = Release|Any CPU
	EndGlobalSection
	GlobalSection(ProjectConfigurationPlatforms) = postSolution
		{EA0AB2EA-9309-4499-BB10-6A18A1767216}.Debug|Any CPU.ActiveCfg = Debug|Any CPU
		{EA0AB2EA-9309-4499-BB10-6A18A1767216}.Debug|Any CPU.Build.0 = Debug|Any CPU
		{EA0AB2EA-9309-4499-BB10-6A18A1767216}.Release|Any CPU.ActiveCfg = Release|Any CPU
		{EA0AB2EA-9309-4499-BB10-6A18A1767216}.Release|Any CPU.Build.0 = Release|Any CPU
	EndGlobalSection
	GlobalSection(SolutionProperties) = preSolution
		HideSolutionNode = FALSE
	EndGlobalSection
	GlobalSection(ExtensibilityGlobals) = postSolution
		SolutionGuid = {B289F78D-075D-4A19-922C-D07DAB0188CE}
	EndGlobalSection
EndGlobal
